// !$*UTF8*$!
{
	archiveVersion = 1;
	classes = {
	};
	objectVersion = 46;
	objects = {

/* Begin PBXBuildFile section */
		B1EE02161C55DB26003C8915 /* main.m in Sources */ = {isa = PBXBuildFile; fileRef = B1EE02151C55DB26003C8915 /* main.m */; };
		B1EE02191C55DB26003C8915 /* AppDelegate.m in Sources */ = {isa = PBXBuildFile; fileRef = B1EE02181C55DB26003C8915 /* AppDelegate.m */; };
		B1EE021C1C55DB26003C8915 /* FirstViewController.m in Sources */ = {isa = PBXBuildFile; fileRef = B1EE021B1C55DB26003C8915 /* FirstViewController.m */; };
		B1EE021F1C55DB26003C8915 /* SecondViewController.m in Sources */ = {isa = PBXBuildFile; fileRef = B1EE021E1C55DB26003C8915 /* SecondViewController.m */; };
		B1EE02221C55DB26003C8915 /* Main.storyboard in Resources */ = {isa = PBXBuildFile; fileRef = B1EE02201C55DB26003C8915 /* Main.storyboard */; };
		B1EE02241C55DB26003C8915 /* Assets.xcassets in Resources */ = {isa = PBXBuildFile; fileRef = B1EE02231C55DB26003C8915 /* Assets.xcassets */; };
		B1EE02271C55DB26003C8915 /* LaunchScreen.storyboard in Resources */ = {isa = PBXBuildFile; fileRef = B1EE02251C55DB26003C8915 /* LaunchScreen.storyboard */; };
/* End PBXBuildFile section */

/* Begin PBXFileReference section */
		B1EE02111C55DB26003C8915 /* ReviewApp.app */ = {isa = PBXFileReference; explicitFileType = wrapper.application; includeInIndex = 0; path = ReviewApp.app; sourceTree = BUILT_PRODUCTS_DIR; };
		B1EE02151C55DB26003C8915 /* main.m */ = {isa = PBXFileReference; lastKnownFileType = sourcecode.c.objc; path = main.m; sourceTree = "<group>"; };
		B1EE02171C55DB26003C8915 /* AppDelegate.h */ = {isa = PBXFileReference; lastKnownFileType = sourcecode.c.h; path = AppDelegate.h; sourceTree = "<group>"; };
		B1EE02181C55DB26003C8915 /* AppDelegate.m */ = {isa = PBXFileReference; lastKnownFileType = sourcecode.c.objc; path = AppDelegate.m; sourceTree = "<group>"; };
		B1EE021A1C55DB26003C8915 /* FirstViewController.h */ = {isa = PBXFileReference; lastKnownFileType = sourcecode.c.h; path = FirstViewController.h; sourceTree = "<group>"; };
		B1EE021B1C55DB26003C8915 /* FirstViewController.m */ = {isa = PBXFileReference; lastKnownFileType = sourcecode.c.objc; path = FirstViewController.m; sourceTree = "<group>"; };
		B1EE021D1C55DB26003C8915 /* SecondViewController.h */ = {isa = PBXFileReference; lastKnownFileType = sourcecode.c.h; path = SecondViewController.h; sourceTree = "<group>"; };
		B1EE021E1C55DB26003C8915 /* SecondViewController.m */ = {isa = PBXFileReference; lastKnownFileType = sourcecode.c.objc; path = SecondViewController.m; sourceTree = "<group>"; };
		B1EE02211C55DB26003C8915 /* Base */ = {isa = PBXFileReference; lastKnownFileType = file.storyboard; name = Base; path = Base.lproj/Main.storyboard; sourceTree = "<group>"; };
		B1EE02231C55DB26003C8915 /* Assets.xcassets */ = {isa = PBXFileReference; lastKnownFileType = folder.assetcatalog; path = Assets.xcassets; sourceTree = "<group>"; };
		B1EE02261C55DB26003C8915 /* Base */ = {isa = PBXFileReference; lastKnownFileType = file.storyboard; name = Base; path = Base.lproj/LaunchScreen.storyboard; sourceTree = "<group>"; };
		B1EE02281C55DB26003C8915 /* Info.plist */ = {isa = PBXFileReference; lastKnownFileType = text.plist.xml; path = Info.plist; sourceTree = "<group>"; };
/* End PBXFileReference section */

/* Begin PBXFrameworksBuildPhase section */
		B1EE020E1C55DB26003C8915 /* Frameworks */ = {
			isa = PBXFrameworksBuildPhase;
			buildActionMask = 2147483647;
			files = (
			);
			runOnlyForDeploymentPostprocessing = 0;
		};
/* End PBXFrameworksBuildPhase section */

/* Begin PBXGroup section */
		B1EE02081C55DB26003C8915 = {
			isa = PBXGroup;
			children = (
				B1EE02131C55DB26003C8915 /* ReviewApp */,
				B1EE02121C55DB26003C8915 /* Products */,
			);
			sourceTree = "<group>";
		};
		B1EE02121C55DB26003C8915 /* Products */ = {
			isa = PBXGroup;
			children = (
				B1EE02111C55DB26003C8915 /* ReviewApp.app */,
			);
			name = Products;
			sourceTree = "<group>";
		};
		B1EE02131C55DB26003C8915 /* ReviewApp */ = {
			isa = PBXGroup;
			children = (
				B1EE02171C55DB26003C8915 /* AppDelegate.h */,
				B1EE02181C55DB26003C8915 /* AppDelegate.m */,
				B1EE021A1C55DB26003C8915 /* FirstViewController.h */,
				B1EE021B1C55DB26003C8915 /* FirstViewController.m */,
				B1EE021D1C55DB26003C8915 /* SecondViewController.h */,
				B1EE021E1C55DB26003C8915 /* SecondViewController.m */,
				B1EE02201C55DB26003C8915 /* Main.storyboard */,
				B1EE02231C55DB26003C8915 /* Assets.xcassets */,
				B1EE02251C55DB26003C8915 /* LaunchScreen.storyboard */,
				B1EE02281C55DB26003C8915 /* Info.plist */,
				B1EE02141C55DB26003C8915 /* Supporting Files */,
			);
			path = ReviewApp;
			sourceTree = "<group>";
		};
		B1EE02141C55DB26003C8915 /* Supporting Files */ = {
			isa = PBXGroup;
			children = (
				B1EE02151C55DB26003C8915 /* main.m */,
			);
			name = "Supporting Files";
			sourceTree = "<group>";
		};
/* End PBXGroup section */

/* Begin PBXNativeTarget section */
		B1EE02101C55DB26003C8915 /* ReviewApp */ = {
			isa = PBXNativeTarget;
			buildConfigurationList = B1EE022B1C55DB26003C8915 /* Build configuration list for PBXNativeTarget "ReviewApp" */;
			buildPhases = (
				B1EE020D1C55DB26003C8915 /* Sources */,
				B1EE020E1C55DB26003C8915 /* Frameworks */,
				B1EE020F1C55DB26003C8915 /* Resources */,
			);
			buildRules = (
			);
			dependencies = (
			);
			name = ReviewApp;
			productName = ReviewApp;
			productReference = B1EE02111C55DB26003C8915 /* ReviewApp.app */;
			productType = "com.apple.product-type.application";
		};
/* End PBXNativeTarget section */

/* Begin PBXProject section */
		B1EE02091C55DB26003C8915 /* Project object */ = {
			isa = PBXProject;
			attributes = {
				LastUpgradeCheck = 0720;
				ORGANIZATIONNAME = "KS-N414-ONB";
				TargetAttributes = {
					B1EE02101C55DB26003C8915 = {
						CreatedOnToolsVersion = 7.2;
					};
				};
			};
			buildConfigurationList = B1EE020C1C55DB26003C8915 /* Build configuration list for PBXProject "ReviewApp" */;
			compatibilityVersion = "Xcode 3.2";
			developmentRegion = English;
			hasScannedForEncodings = 0;
			knownRegions = (
				en,
				Base,
			);
			mainGroup = B1EE02081C55DB26003C8915;
			productRefGroup = B1EE02121C55DB26003C8915 /* Products */;
			projectDirPath = "";
			projectRoot = "";
			targets = (
				B1EE02101C55DB26003C8915 /* ReviewApp */,
			);
		};
/* End PBXProject section */

/* Begin PBXResourcesBuildPhase section */
		B1EE020F1C55DB26003C8915 /* Resources */ = {
			isa = PBXResourcesBuildPhase;
			buildActionMask = 2147483647;
			files = (
				B1EE02271C55DB26003C8915 /* LaunchScreen.storyboard in Resources */,
				B1EE02241C55DB26003C8915 /* Assets.xcassets in Resources */,
				B1EE02221C55DB26003C8915 /* Main.storyboard in Resources */,
			);
			runOnlyForDeploymentPostprocessing = 0;
		};
/* End PBXResourcesBuildPhase section */

/* Begin PBXSourcesBuildPhase section */
		B1EE020D1C55DB26003C8915 /* Sources */ = {
			isa = PBXSourcesBuildPhase;
			buildActionMask = 2147483647;
			files = (
				B1EE021F1C55DB26003C8915 /* SecondViewController.m in Sources */,
				B1EE02191C55DB26003C8915 /* AppDelegate.m in Sources */,
				B1EE021C1C55DB26003C8915 /* FirstViewController.m in Sources */,
				B1EE02161C55DB26003C8915 /* main.m in Sources */,
			);
			runOnlyForDeploymentPostprocessing = 0;
		};
/* End PBXSourcesBuildPhase section */

/* Begin PBXVariantGroup section */
		B1EE02201C55DB26003C8915 /* Main.storyboard */ = {
			isa = PBXVariantGroup;
			children = (
				B1EE02211C55DB26003C8915 /* Base */,
			);
			name = Main.storyboard;
			sourceTree = "<group>";
		};
		B1EE02251C55DB26003C8915 /* LaunchScreen.storyboard */ = {
			isa = PBXVariantGroup;
			children = (
				B1EE02261C55DB26003C8915 /* Base */,
			);
			name = LaunchScreen.storyboard;
			sourceTree = "<group>";
		};
/* End PBXVariantGroup section */

/* Begin XCBuildConfiguration section */
		B1EE02291C55DB26003C8915 /* Debug */ = {
			isa = XCBuildConfiguration;
			buildSettings = {
				ALWAYS_SEARCH_USER_PATHS = NO;
				CLANG_CXX_LANGUAGE_STANDARD = "gnu++0x";
				CLANG_CXX_LIBRARY = "libc++";
				CLANG_ENABLE_MODULES = YES;
				CLANG_ENABLE_OBJC_ARC = YES;
				CLANG_WARN_BOOL_CONVERSION = YES;
				CLANG_WARN_CONSTANT_CONVERSION = YES;
				CLANG_WARN_DIRECT_OBJC_ISA_USAGE = YES_ERROR;
				CLANG_WARN_EMPTY_BODY = YES;
				CLANG_WARN_ENUM_CONVERSION = YES;
				CLANG_WARN_INT_CONVERSION = YES;
				CLANG_WARN_OBJC_ROOT_CLASS = YES_ERROR;
				CLANG_WARN_UNREACHABLE_CODE = YES;
				CLANG_WARN__DUPLICATE_METHOD_MATCH = YES;
				"CODE_SIGN_IDENTITY[sdk=iphoneos*]" = "iPhone Developer";
				COPY_PHASE_STRIP = NO;
				DEBUG_INFORMATION_FORMAT = dwarf;
				ENABLE_STRICT_OBJC_MSGSEND = YES;
				ENABLE_TESTABILITY = YES;
				GCC_C_LANGUAGE_STANDARD = gnu99;
				GCC_DYNAMIC_NO_PIC = NO;
				GCC_NO_COMMON_BLOCKS = YES;
				GCC_OPTIMIZATION_LEVEL = 0;
				GCC_PREPROCESSOR_DEFINITIONS = (
					"DEBUG=1",
					"$(inherited)",
				);
				GCC_WARN_64_TO_32_BIT_CONVERSION = YES;
				GCC_WARN_ABOUT_RETURN_TYPE = YES_ERROR;
				GCC_WARN_UNDECLARED_SELECTOR = YES;
				GCC_WARN_UNINITIALIZED_AUTOS = YES_AGGRESSIVE;
				GCC_WARN_UNUSED_FUNCTION = YES;
				GCC_WARN_UNUSED_VARIABLE = YES;
				IPHONEOS_DEPLOYMENT_TARGET = 9.2;
				MTL_ENABLE_DEBUG_INFO = YES;
				ONLY_ACTIVE_ARCH = YES;
				SDKROOT = iphoneos;
				TARGETED_DEVICE_FAMILY = "1,2";
			};
			name = Debug;
		};
		B1EE022A1C55DB26003C8915 /* Release */ = {
			isa = XCBuildConfiguration;
			buildSettings = {
				ALWAYS_SEARCH_USER_PATHS = NO;
				CLANG_CXX_LANGUAGE_STANDARD = "gnu++0x";
				CLANG_CXX_LIBRARY = "libc++";
				CLANG_ENABLE_MODULES = YES;
				CLANG_ENABLE_OBJC_ARC = YES;
				CLANG_WARN_BOOL_CONVERSION = YES;
				CLANG_WARN_CONSTANT_CONVERSION = YES;
				CLANG_WARN_DIRECT_OBJC_ISA_USAGE = YES_ERROR;
				CLANG_WARN_EMPTY_BODY = YES;
				CLANG_WARN_ENUM_CONVERSION = YES;
				CLANG_WARN_INT_CONVERSION = YES;
				CLANG_WARN_OBJC_ROOT_CLASS = YES_ERROR;
				CLANG_WARN_UNREACHABLE_CODE = YES;
				CLANG_WARN__DUPLICATE_METHOD_MATCH = YES;
				"CODE_SIGN_IDENTITY[sdk=iphoneos*]" = "iPhone Developer";
				COPY_PHASE_STRIP = NO;
				DEBUG_INFORMATION_FORMAT = "dwarf-with-dsym";
				ENABLE_NS_ASSERTIONS = NO;
				ENABLE_STRICT_OBJC_MSGSEND = YES;
				GCC_C_LANGUAGE_STANDARD = gnu99;
				GCC_NO_COMMON_BLOCKS = YES;
				GCC_WARN_64_TO_32_BIT_CONVERSION = YES;
				GCC_WARN_ABOUT_RETURN_TYPE = YES_ERROR;
				GCC_WARN_UNDECLARED_SELECTOR = YES;
				GCC_WARN_UNINITIALIZED_AUTOS = YES_AGGRESSIVE;
				GCC_WARN_UNUSED_FUNCTION = YES;
				GCC_WARN_UNUSED_VARIABLE = YES;
				IPHONEOS_DEPLOYMENT_TARGET = 9.2;
				MTL_ENABLE_DEBUG_INFO = NO;
				SDKROOT = iphoneos;
				TARGETED_DEVICE_FAMILY = "1,2";
				VALIDATE_PRODUCT = YES;
			};
			name = Release;
		};
		B1EE022C1C55DB26003C8915 /* Debug */ = {
			isa = XCBuildConfiguration;
			buildSettings = {
				ASSETCATALOG_COMPILER_APPICON_NAME = AppIcon;
				INFOPLIST_FILE = ReviewApp/Info.plist;
				LD_RUNPATH_SEARCH_PATHS = "$(inherited) @executable_path/Frameworks";
				PRODUCT_BUNDLE_IDENTIFIER = jp.kingsoft.www.ReviewApp;
				PRODUCT_NAME = "$(TARGET_NAME)";
			};
			name = Debug;
		};
		B1EE022D1C55DB26003C8915 /* Release */ = {
			isa = XCBuildConfiguration;
			buildSettings = {
				ASSETCATALOG_COMPILER_APPICON_NAME = AppIcon;
				INFOPLIST_FILE = ReviewApp/Info.plist;
				LD_RUNPATH_SEARCH_PATHS = "$(inherited) @executable_path/Frameworks";
				PRODUCT_BUNDLE_IDENTIFIER = jp.kingsoft.www.ReviewApp;
				PRODUCT_NAME = "$(TARGET_NAME)";
			};
			name = Release;
		};
/* End XCBuildConfiguration section */

/* Begin XCConfigurationList section */
		B1EE020C1C55DB26003C8915 /* Build configuration list for PBXProject "ReviewApp" */ = {
			isa = XCConfigurationList;
			buildConfigurations = (
				B1EE02291C55DB26003C8915 /* Debug */,
				B1EE022A1C55DB26003C8915 /* Release */,
			);
			defaultConfigurationIsVisible = 0;
			defaultConfigurationName = Release;
		};
		B1EE022B1C55DB26003C8915 /* Build configuration list for PBXNativeTarget "ReviewApp" */ = {
			isa = XCConfigurationList;
			buildConfigurations = (
				B1EE022C1C55DB26003C8915 /* Debug */,
				B1EE022D1C55DB26003C8915 /* Release */,
			);
			defaultConfigurationIsVisible = 0;
		};
/* End XCConfigurationList section */
	};
	rootObject = B1EE02091C55DB26003C8915 /* Project object */;
}
