// !$*UTF8*$!
{
	archiveVersion = 1;
	classes = {
	};
	objectVersion = 46;
	objects = {

/* Begin PBXBuildFile section */
		29F6F3B91C7AFB79004EB33F /* RVGetImage.m in Sources */ = {isa = PBXBuildFile; fileRef = 29F6F3B81C7AFB79004EB33F /* RVGetImage.m */; };
		B1EE02161C55DB26003C8915 /* main.m in Sources */ = {isa = PBXBuildFile; fileRef = B1EE02151C55DB26003C8915 /* main.m */; };
		B1EE02191C55DB26003C8915 /* AppDelegate.m in Sources */ = {isa = PBXBuildFile; fileRef = B1EE02181C55DB26003C8915 /* AppDelegate.m */; };
		B1EE021C1C55DB26003C8915 /* FirstViewController.m in Sources */ = {isa = PBXBuildFile; fileRef = B1EE021B1C55DB26003C8915 /* FirstViewController.m */; };
		B1EE021F1C55DB26003C8915 /* SecondViewController.m in Sources */ = {isa = PBXBuildFile; fileRef = B1EE021E1C55DB26003C8915 /* SecondViewController.m */; };
		B1EE02221C55DB26003C8915 /* Main.storyboard in Resources */ = {isa = PBXBuildFile; fileRef = B1EE02201C55DB26003C8915 /* Main.storyboard */; };
		B1EE02241C55DB26003C8915 /* Assets.xcassets in Resources */ = {isa = PBXBuildFile; fileRef = B1EE02231C55DB26003C8915 /* Assets.xcassets */; };
		B1EE02271C55DB26003C8915 /* LaunchScreen.storyboard in Resources */ = {isa = PBXBuildFile; fileRef = B1EE02251C55DB26003C8915 /* LaunchScreen.storyboard */; };
		B1EE02301C55DCD2003C8915 /* RVSegmentedViewController.m in Sources */ = {isa = PBXBuildFile; fileRef = B1EE022F1C55DCD2003C8915 /* RVSegmentedViewController.m */; };
		B1EE02331C5751FE003C8915 /* RVSearchViewController.m in Sources */ = {isa = PBXBuildFile; fileRef = B1EE02321C5751FE003C8915 /* RVSearchViewController.m */; };
		B1EE02391C577034003C8915 /* RVHistoryViewController.m in Sources */ = {isa = PBXBuildFile; fileRef = B1EE02381C577034003C8915 /* RVHistoryViewController.m */; };
		B1EE023C1C67863F003C8915 /* RVItem.m in Sources */ = {isa = PBXBuildFile; fileRef = B1EE023B1C67863F003C8915 /* RVItem.m */; };
		B1EE02411C67928F003C8915 /* RVChannel.m in Sources */ = {isa = PBXBuildFile; fileRef = B1EE02401C67928F003C8915 /* RVChannel.m */; };
		B1EE02441C67963B003C8915 /* RVRakutenChannel.m in Sources */ = {isa = PBXBuildFile; fileRef = B1EE02431C67963B003C8915 /* RVRakutenChannel.m */; };
		B1EE02471C67A1DC003C8915 /* RVChannelManager.m in Sources */ = {isa = PBXBuildFile; fileRef = B1EE02461C67A1DC003C8915 /* RVChannelManager.m */; };
		B1EE024A1C70DE68003C8915 /* RVSearchResultController.m in Sources */ = {isa = PBXBuildFile; fileRef = B1EE02491C70DE68003C8915 /* RVSearchResultController.m */; };
		B1EE024E1C71FC12003C8915 /* RVProductCell.m in Sources */ = {isa = PBXBuildFile; fileRef = B1EE024D1C71FC12003C8915 /* RVProductCell.m */; };
		B8216DB04D272C4CFA362D2A /* libPods-ReviewApp.a in Frameworks */ = {isa = PBXBuildFile; fileRef = 7F2E54BAD8F0B40C9222BDCD /* libPods-ReviewApp.a */; };
/* End PBXBuildFile section */

/* Begin PBXFileReference section */
		265BB851971E067B565CF577 /* Pods-ReviewApp.debug.xcconfig */ = {isa = PBXFileReference; includeInIndex = 1; lastKnownFileType = text.xcconfig; name = "Pods-ReviewApp.debug.xcconfig"; path = "Pods/Target Support Files/Pods-ReviewApp/Pods-ReviewApp.debug.xcconfig"; sourceTree = "<group>"; };
		2934E3D81C7ADE1A00CEE7D1 /* MKAnnotationView+WebCache.h */ = {isa = PBXFileReference; lastKnownFileType = sourcecode.c.h; path = "MKAnnotationView+WebCache.h"; sourceTree = "<group>"; };
		2934E3D91C7ADE1A00CEE7D1 /* MKAnnotationView+WebCache.m */ = {isa = PBXFileReference; lastKnownFileType = sourcecode.c.objc; path = "MKAnnotationView+WebCache.m"; sourceTree = "<group>"; };
		2934E3DA1C7ADE1A00CEE7D1 /* NSData+ImageContentType.h */ = {isa = PBXFileReference; lastKnownFileType = sourcecode.c.h; path = "NSData+ImageContentType.h"; sourceTree = "<group>"; };
		2934E3DB1C7ADE1A00CEE7D1 /* NSData+ImageContentType.m */ = {isa = PBXFileReference; lastKnownFileType = sourcecode.c.objc; path = "NSData+ImageContentType.m"; sourceTree = "<group>"; };
		2934E3DC1C7ADE1A00CEE7D1 /* SDImageCache.h */ = {isa = PBXFileReference; lastKnownFileType = sourcecode.c.h; path = SDImageCache.h; sourceTree = "<group>"; };
		2934E3DD1C7ADE1A00CEE7D1 /* SDImageCache.m */ = {isa = PBXFileReference; lastKnownFileType = sourcecode.c.objc; path = SDImageCache.m; sourceTree = "<group>"; };
		2934E3DE1C7ADE1A00CEE7D1 /* SDWebImageCompat.h */ = {isa = PBXFileReference; lastKnownFileType = sourcecode.c.h; path = SDWebImageCompat.h; sourceTree = "<group>"; };
		2934E3DF1C7ADE1A00CEE7D1 /* SDWebImageCompat.m */ = {isa = PBXFileReference; lastKnownFileType = sourcecode.c.objc; path = SDWebImageCompat.m; sourceTree = "<group>"; };
		2934E3E01C7ADE1A00CEE7D1 /* SDWebImageDecoder.h */ = {isa = PBXFileReference; lastKnownFileType = sourcecode.c.h; path = SDWebImageDecoder.h; sourceTree = "<group>"; };
		2934E3E11C7ADE1A00CEE7D1 /* SDWebImageDecoder.m */ = {isa = PBXFileReference; lastKnownFileType = sourcecode.c.objc; path = SDWebImageDecoder.m; sourceTree = "<group>"; };
		2934E3E21C7ADE1A00CEE7D1 /* SDWebImageDownloader.h */ = {isa = PBXFileReference; lastKnownFileType = sourcecode.c.h; path = SDWebImageDownloader.h; sourceTree = "<group>"; };
		2934E3E31C7ADE1A00CEE7D1 /* SDWebImageDownloader.m */ = {isa = PBXFileReference; lastKnownFileType = sourcecode.c.objc; path = SDWebImageDownloader.m; sourceTree = "<group>"; };
		2934E3E41C7ADE1A00CEE7D1 /* SDWebImageDownloaderOperation.h */ = {isa = PBXFileReference; lastKnownFileType = sourcecode.c.h; path = SDWebImageDownloaderOperation.h; sourceTree = "<group>"; };
		2934E3E51C7ADE1A00CEE7D1 /* SDWebImageDownloaderOperation.m */ = {isa = PBXFileReference; lastKnownFileType = sourcecode.c.objc; path = SDWebImageDownloaderOperation.m; sourceTree = "<group>"; };
		2934E3E61C7ADE1A00CEE7D1 /* SDWebImageManager.h */ = {isa = PBXFileReference; lastKnownFileType = sourcecode.c.h; path = SDWebImageManager.h; sourceTree = "<group>"; };
		2934E3E71C7ADE1A00CEE7D1 /* SDWebImageManager.m */ = {isa = PBXFileReference; lastKnownFileType = sourcecode.c.objc; path = SDWebImageManager.m; sourceTree = "<group>"; };
		2934E3E81C7ADE1A00CEE7D1 /* SDWebImageOperation.h */ = {isa = PBXFileReference; lastKnownFileType = sourcecode.c.h; path = SDWebImageOperation.h; sourceTree = "<group>"; };
		2934E3E91C7ADE1A00CEE7D1 /* SDWebImagePrefetcher.h */ = {isa = PBXFileReference; lastKnownFileType = sourcecode.c.h; path = SDWebImagePrefetcher.h; sourceTree = "<group>"; };
		2934E3EA1C7ADE1A00CEE7D1 /* SDWebImagePrefetcher.m */ = {isa = PBXFileReference; lastKnownFileType = sourcecode.c.objc; path = SDWebImagePrefetcher.m; sourceTree = "<group>"; };
		2934E3EB1C7ADE1A00CEE7D1 /* UIButton+WebCache.h */ = {isa = PBXFileReference; lastKnownFileType = sourcecode.c.h; path = "UIButton+WebCache.h"; sourceTree = "<group>"; };
		2934E3EC1C7ADE1A00CEE7D1 /* UIButton+WebCache.m */ = {isa = PBXFileReference; lastKnownFileType = sourcecode.c.objc; path = "UIButton+WebCache.m"; sourceTree = "<group>"; };
		2934E3ED1C7ADE1A00CEE7D1 /* UIImage+GIF.h */ = {isa = PBXFileReference; lastKnownFileType = sourcecode.c.h; path = "UIImage+GIF.h"; sourceTree = "<group>"; };
		2934E3EE1C7ADE1A00CEE7D1 /* UIImage+GIF.m */ = {isa = PBXFileReference; lastKnownFileType = sourcecode.c.objc; path = "UIImage+GIF.m"; sourceTree = "<group>"; };
		2934E3EF1C7ADE1A00CEE7D1 /* UIImage+MultiFormat.h */ = {isa = PBXFileReference; lastKnownFileType = sourcecode.c.h; path = "UIImage+MultiFormat.h"; sourceTree = "<group>"; };
		2934E3F01C7ADE1A00CEE7D1 /* UIImage+MultiFormat.m */ = {isa = PBXFileReference; lastKnownFileType = sourcecode.c.objc; path = "UIImage+MultiFormat.m"; sourceTree = "<group>"; };
		2934E3F11C7ADE1A00CEE7D1 /* UIImage+WebP.h */ = {isa = PBXFileReference; lastKnownFileType = sourcecode.c.h; path = "UIImage+WebP.h"; sourceTree = "<group>"; };
		2934E3F21C7ADE1A00CEE7D1 /* UIImage+WebP.m */ = {isa = PBXFileReference; lastKnownFileType = sourcecode.c.objc; path = "UIImage+WebP.m"; sourceTree = "<group>"; };
		2934E3F31C7ADE1A00CEE7D1 /* UIImageView+HighlightedWebCache.h */ = {isa = PBXFileReference; lastKnownFileType = sourcecode.c.h; path = "UIImageView+HighlightedWebCache.h"; sourceTree = "<group>"; };
		2934E3F41C7ADE1A00CEE7D1 /* UIImageView+HighlightedWebCache.m */ = {isa = PBXFileReference; lastKnownFileType = sourcecode.c.objc; path = "UIImageView+HighlightedWebCache.m"; sourceTree = "<group>"; };
		2934E3F51C7ADE1A00CEE7D1 /* UIImageView+WebCache.h */ = {isa = PBXFileReference; lastKnownFileType = sourcecode.c.h; path = "UIImageView+WebCache.h"; sourceTree = "<group>"; };
		2934E3F61C7ADE1A00CEE7D1 /* UIImageView+WebCache.m */ = {isa = PBXFileReference; lastKnownFileType = sourcecode.c.objc; path = "UIImageView+WebCache.m"; sourceTree = "<group>"; };
		2934E3F71C7ADE1A00CEE7D1 /* UIView+WebCacheOperation.h */ = {isa = PBXFileReference; lastKnownFileType = sourcecode.c.h; path = "UIView+WebCacheOperation.h"; sourceTree = "<group>"; };
		2934E3F81C7ADE1A00CEE7D1 /* UIView+WebCacheOperation.m */ = {isa = PBXFileReference; lastKnownFileType = sourcecode.c.objc; path = "UIView+WebCacheOperation.m"; sourceTree = "<group>"; };
		29F6F3B71C7AFB61004EB33F /* RVGetImage.h */ = {isa = PBXFileReference; lastKnownFileType = sourcecode.c.h; path = RVGetImage.h; sourceTree = "<group>"; };
		29F6F3B81C7AFB79004EB33F /* RVGetImage.m */ = {isa = PBXFileReference; fileEncoding = 4; lastKnownFileType = sourcecode.c.objc; path = RVGetImage.m; sourceTree = "<group>"; };
		7F2E54BAD8F0B40C9222BDCD /* libPods-ReviewApp.a */ = {isa = PBXFileReference; explicitFileType = archive.ar; includeInIndex = 0; path = "libPods-ReviewApp.a"; sourceTree = BUILT_PRODUCTS_DIR; };
		A3A213E822E1A446D1796CDC /* Pods-ReviewApp.release.xcconfig */ = {isa = PBXFileReference; includeInIndex = 1; lastKnownFileType = text.xcconfig; name = "Pods-ReviewApp.release.xcconfig"; path = "Pods/Target Support Files/Pods-ReviewApp/Pods-ReviewApp.release.xcconfig"; sourceTree = "<group>"; };
		B1EE02111C55DB26003C8915 /* ReviewApp.app */ = {isa = PBXFileReference; explicitFileType = wrapper.application; includeInIndex = 0; path = ReviewApp.app; sourceTree = BUILT_PRODUCTS_DIR; };
		B1EE02151C55DB26003C8915 /* main.m */ = {isa = PBXFileReference; lastKnownFileType = sourcecode.c.objc; path = main.m; sourceTree = "<group>"; };
		B1EE02171C55DB26003C8915 /* AppDelegate.h */ = {isa = PBXFileReference; lastKnownFileType = sourcecode.c.h; path = AppDelegate.h; sourceTree = "<group>"; };
		B1EE02181C55DB26003C8915 /* AppDelegate.m */ = {isa = PBXFileReference; lastKnownFileType = sourcecode.c.objc; path = AppDelegate.m; sourceTree = "<group>"; };
		B1EE021A1C55DB26003C8915 /* FirstViewController.h */ = {isa = PBXFileReference; lastKnownFileType = sourcecode.c.h; path = FirstViewController.h; sourceTree = "<group>"; };
		B1EE021B1C55DB26003C8915 /* FirstViewController.m */ = {isa = PBXFileReference; lastKnownFileType = sourcecode.c.objc; path = FirstViewController.m; sourceTree = "<group>"; };
		B1EE021D1C55DB26003C8915 /* SecondViewController.h */ = {isa = PBXFileReference; lastKnownFileType = sourcecode.c.h; path = SecondViewController.h; sourceTree = "<group>"; };
		B1EE021E1C55DB26003C8915 /* SecondViewController.m */ = {isa = PBXFileReference; lastKnownFileType = sourcecode.c.objc; path = SecondViewController.m; sourceTree = "<group>"; };
		B1EE02211C55DB26003C8915 /* Base */ = {isa = PBXFileReference; lastKnownFileType = file.storyboard; name = Base; path = Base.lproj/Main.storyboard; sourceTree = "<group>"; };
		B1EE02231C55DB26003C8915 /* Assets.xcassets */ = {isa = PBXFileReference; lastKnownFileType = folder.assetcatalog; path = Assets.xcassets; sourceTree = "<group>"; };
		B1EE02261C55DB26003C8915 /* Base */ = {isa = PBXFileReference; lastKnownFileType = file.storyboard; name = Base; path = Base.lproj/LaunchScreen.storyboard; sourceTree = "<group>"; };
		B1EE02281C55DB26003C8915 /* Info.plist */ = {isa = PBXFileReference; lastKnownFileType = text.plist.xml; path = Info.plist; sourceTree = "<group>"; };
		B1EE022E1C55DCBA003C8915 /* RVSegmentedViewController.h */ = {isa = PBXFileReference; lastKnownFileType = sourcecode.c.h; path = RVSegmentedViewController.h; sourceTree = "<group>"; };
		B1EE022F1C55DCD2003C8915 /* RVSegmentedViewController.m */ = {isa = PBXFileReference; fileEncoding = 4; lastKnownFileType = sourcecode.c.objc; path = RVSegmentedViewController.m; sourceTree = "<group>"; };
		B1EE02311C5751E9003C8915 /* RVSearchViewController.h */ = {isa = PBXFileReference; lastKnownFileType = sourcecode.c.h; path = RVSearchViewController.h; sourceTree = "<group>"; };
		B1EE02321C5751FE003C8915 /* RVSearchViewController.m */ = {isa = PBXFileReference; fileEncoding = 4; lastKnownFileType = sourcecode.c.objc; path = RVSearchViewController.m; sourceTree = "<group>"; };
		B1EE02371C57701F003C8915 /* RVHistoryViewController.h */ = {isa = PBXFileReference; lastKnownFileType = sourcecode.c.h; path = RVHistoryViewController.h; sourceTree = "<group>"; };
		B1EE02381C577034003C8915 /* RVHistoryViewController.m */ = {isa = PBXFileReference; fileEncoding = 4; lastKnownFileType = sourcecode.c.objc; path = RVHistoryViewController.m; sourceTree = "<group>"; };
		B1EE023A1C67862A003C8915 /* RVItem.h */ = {isa = PBXFileReference; lastKnownFileType = sourcecode.c.h; name = RVItem.h; path = ../RVItem.h; sourceTree = "<group>"; };
		B1EE023B1C67863F003C8915 /* RVItem.m */ = {isa = PBXFileReference; fileEncoding = 4; lastKnownFileType = sourcecode.c.objc; path = RVItem.m; sourceTree = "<group>"; };
		B1EE023F1C67927F003C8915 /* RVChannel.h */ = {isa = PBXFileReference; lastKnownFileType = sourcecode.c.h; path = RVChannel.h; sourceTree = "<group>"; };
		B1EE02401C67928F003C8915 /* RVChannel.m */ = {isa = PBXFileReference; fileEncoding = 4; lastKnownFileType = sourcecode.c.objc; path = RVChannel.m; sourceTree = "<group>"; };
		B1EE02421C67962C003C8915 /* RVRakutenChannel.h */ = {isa = PBXFileReference; lastKnownFileType = sourcecode.c.h; path = RVRakutenChannel.h; sourceTree = "<group>"; };
		B1EE02431C67963B003C8915 /* RVRakutenChannel.m */ = {isa = PBXFileReference; fileEncoding = 4; lastKnownFileType = sourcecode.c.objc; path = RVRakutenChannel.m; sourceTree = "<group>"; };
		B1EE02451C67A1CB003C8915 /* RVChannelManager.h */ = {isa = PBXFileReference; lastKnownFileType = sourcecode.c.h; path = RVChannelManager.h; sourceTree = "<group>"; };
		B1EE02461C67A1DC003C8915 /* RVChannelManager.m */ = {isa = PBXFileReference; fileEncoding = 4; lastKnownFileType = sourcecode.c.objc; path = RVChannelManager.m; sourceTree = "<group>"; };
		B1EE02481C70DE50003C8915 /* RVSearchResultController.h */ = {isa = PBXFileReference; lastKnownFileType = sourcecode.c.h; path = RVSearchResultController.h; sourceTree = "<group>"; };
		B1EE02491C70DE68003C8915 /* RVSearchResultController.m */ = {isa = PBXFileReference; fileEncoding = 4; lastKnownFileType = sourcecode.c.objc; path = RVSearchResultController.m; sourceTree = "<group>"; };
		B1EE024C1C71FC01003C8915 /* RVProductCell.h */ = {isa = PBXFileReference; lastKnownFileType = sourcecode.c.h; path = RVProductCell.h; sourceTree = "<group>"; };
		B1EE024D1C71FC12003C8915 /* RVProductCell.m */ = {isa = PBXFileReference; fileEncoding = 4; lastKnownFileType = sourcecode.c.objc; path = RVProductCell.m; sourceTree = "<group>"; };
/* End PBXFileReference section */

/* Begin PBXFrameworksBuildPhase section */
		B1EE020E1C55DB26003C8915 /* Frameworks */ = {
			isa = PBXFrameworksBuildPhase;
			buildActionMask = 2147483647;
			files = (
				B8216DB04D272C4CFA362D2A /* libPods-ReviewApp.a in Frameworks */,
			);
			runOnlyForDeploymentPostprocessing = 0;
		};
/* End PBXFrameworksBuildPhase section */

/* Begin PBXGroup section */
		2934E3D71C7ADE1A00CEE7D1 /* SDWebImage */ = {
			isa = PBXGroup;
			children = (
				2934E3D81C7ADE1A00CEE7D1 /* MKAnnotationView+WebCache.h */,
				2934E3D91C7ADE1A00CEE7D1 /* MKAnnotationView+WebCache.m */,
				2934E3DA1C7ADE1A00CEE7D1 /* NSData+ImageContentType.h */,
				2934E3DB1C7ADE1A00CEE7D1 /* NSData+ImageContentType.m */,
				2934E3DC1C7ADE1A00CEE7D1 /* SDImageCache.h */,
				2934E3DD1C7ADE1A00CEE7D1 /* SDImageCache.m */,
				2934E3DE1C7ADE1A00CEE7D1 /* SDWebImageCompat.h */,
				2934E3DF1C7ADE1A00CEE7D1 /* SDWebImageCompat.m */,
				2934E3E01C7ADE1A00CEE7D1 /* SDWebImageDecoder.h */,
				2934E3E11C7ADE1A00CEE7D1 /* SDWebImageDecoder.m */,
				2934E3E21C7ADE1A00CEE7D1 /* SDWebImageDownloader.h */,
				2934E3E31C7ADE1A00CEE7D1 /* SDWebImageDownloader.m */,
				2934E3E41C7ADE1A00CEE7D1 /* SDWebImageDownloaderOperation.h */,
				2934E3E51C7ADE1A00CEE7D1 /* SDWebImageDownloaderOperation.m */,
				2934E3E61C7ADE1A00CEE7D1 /* SDWebImageManager.h */,
				2934E3E71C7ADE1A00CEE7D1 /* SDWebImageManager.m */,
				2934E3E81C7ADE1A00CEE7D1 /* SDWebImageOperation.h */,
				2934E3E91C7ADE1A00CEE7D1 /* SDWebImagePrefetcher.h */,
				2934E3EA1C7ADE1A00CEE7D1 /* SDWebImagePrefetcher.m */,
				2934E3EB1C7ADE1A00CEE7D1 /* UIButton+WebCache.h */,
				2934E3EC1C7ADE1A00CEE7D1 /* UIButton+WebCache.m */,
				2934E3ED1C7ADE1A00CEE7D1 /* UIImage+GIF.h */,
				2934E3EE1C7ADE1A00CEE7D1 /* UIImage+GIF.m */,
				2934E3EF1C7ADE1A00CEE7D1 /* UIImage+MultiFormat.h */,
				2934E3F01C7ADE1A00CEE7D1 /* UIImage+MultiFormat.m */,
				2934E3F11C7ADE1A00CEE7D1 /* UIImage+WebP.h */,
				2934E3F21C7ADE1A00CEE7D1 /* UIImage+WebP.m */,
				2934E3F31C7ADE1A00CEE7D1 /* UIImageView+HighlightedWebCache.h */,
				2934E3F41C7ADE1A00CEE7D1 /* UIImageView+HighlightedWebCache.m */,
				2934E3F51C7ADE1A00CEE7D1 /* UIImageView+WebCache.h */,
				2934E3F61C7ADE1A00CEE7D1 /* UIImageView+WebCache.m */,
				2934E3F71C7ADE1A00CEE7D1 /* UIView+WebCacheOperation.h */,
				2934E3F81C7ADE1A00CEE7D1 /* UIView+WebCacheOperation.m */,
			);
			name = SDWebImage;
			path = "../Downloads/SDWebImage-master/SDWebImage";
			sourceTree = "<group>";
		};
		8E371A10FAC4EC5F558A42BA /* Frameworks */ = {
			isa = PBXGroup;
			children = (
				7F2E54BAD8F0B40C9222BDCD /* libPods-ReviewApp.a */,
			);
			name = Frameworks;
			sourceTree = "<group>";
		};
		B1EE02081C55DB26003C8915 = {
			isa = PBXGroup;
			children = (
				2934E3D71C7ADE1A00CEE7D1 /* SDWebImage */,
				B1EE02131C55DB26003C8915 /* ReviewApp */,
				B1EE02121C55DB26003C8915 /* Products */,
				CA289FE3A570DE501822BECC /* Pods */,
				8E371A10FAC4EC5F558A42BA /* Frameworks */,
			);
			sourceTree = "<group>";
		};
		B1EE02121C55DB26003C8915 /* Products */ = {
			isa = PBXGroup;
			children = (
				B1EE02111C55DB26003C8915 /* ReviewApp.app */,
			);
			name = Products;
			sourceTree = "<group>";
		};
		B1EE02131C55DB26003C8915 /* ReviewApp */ = {
			isa = PBXGroup;
			children = (
				B1EE024B1C71FBBC003C8915 /* View */,
				B1EE023E1C678720003C8915 /* ViewModel */,
				B1EE023D1C6786D7003C8915 /* Model */,
				B1EE02171C55DB26003C8915 /* AppDelegate.h */,
				B1EE02181C55DB26003C8915 /* AppDelegate.m */,
				B1EE021A1C55DB26003C8915 /* FirstViewController.h */,
				B1EE021B1C55DB26003C8915 /* FirstViewController.m */,
				B1EE021D1C55DB26003C8915 /* SecondViewController.h */,
				B1EE021E1C55DB26003C8915 /* SecondViewController.m */,
				B1EE02201C55DB26003C8915 /* Main.storyboard */,
				B1EE02231C55DB26003C8915 /* Assets.xcassets */,
				B1EE02251C55DB26003C8915 /* LaunchScreen.storyboard */,
				B1EE02281C55DB26003C8915 /* Info.plist */,
				B1EE02141C55DB26003C8915 /* Supporting Files */,
				B1EE022E1C55DCBA003C8915 /* RVSegmentedViewController.h */,
				B1EE022F1C55DCD2003C8915 /* RVSegmentedViewController.m */,
				B1EE02311C5751E9003C8915 /* RVSearchViewController.h */,
				B1EE02321C5751FE003C8915 /* RVSearchViewController.m */,
				B1EE02371C57701F003C8915 /* RVHistoryViewController.h */,
				B1EE02381C577034003C8915 /* RVHistoryViewController.m */,
				B1EE02481C70DE50003C8915 /* RVSearchResultController.h */,
				B1EE02491C70DE68003C8915 /* RVSearchResultController.m */,
			);
			path = ReviewApp;
			sourceTree = "<group>";
		};
		B1EE02141C55DB26003C8915 /* Supporting Files */ = {
			isa = PBXGroup;
			children = (
				B1EE02151C55DB26003C8915 /* main.m */,
			);
			name = "Supporting Files";
			sourceTree = "<group>";
		};
		B1EE023D1C6786D7003C8915 /* Model */ = {
			isa = PBXGroup;
			children = (
				B1EE023A1C67862A003C8915 /* RVItem.h */,
				B1EE023B1C67863F003C8915 /* RVItem.m */,
				B1EE023F1C67927F003C8915 /* RVChannel.h */,
				B1EE02401C67928F003C8915 /* RVChannel.m */,
				B1EE02421C67962C003C8915 /* RVRakutenChannel.h */,
				B1EE02431C67963B003C8915 /* RVRakutenChannel.m */,
				B1EE02451C67A1CB003C8915 /* RVChannelManager.h */,
				B1EE02461C67A1DC003C8915 /* RVChannelManager.m */,
				29F6F3B71C7AFB61004EB33F /* RVGetImage.h */,
				29F6F3B81C7AFB79004EB33F /* RVGetImage.m */,
			);
			name = Model;
			sourceTree = "<group>";
		};
		B1EE023E1C678720003C8915 /* ViewModel */ = {
			isa = PBXGroup;
			children = (
			);
			name = ViewModel;
			sourceTree = "<group>";
		};
		B1EE024B1C71FBBC003C8915 /* View */ = {
			isa = PBXGroup;
			children = (
				B1EE024C1C71FC01003C8915 /* RVProductCell.h */,
				B1EE024D1C71FC12003C8915 /* RVProductCell.m */,
			);
			name = View;
			sourceTree = "<group>";
		};
		CA289FE3A570DE501822BECC /* Pods */ = {
			isa = PBXGroup;
			children = (
				265BB851971E067B565CF577 /* Pods-ReviewApp.debug.xcconfig */,
				A3A213E822E1A446D1796CDC /* Pods-ReviewApp.release.xcconfig */,
			);
			name = Pods;
			sourceTree = "<group>";
		};
/* End PBXGroup section */

/* Begin PBXNativeTarget section */
		B1EE02101C55DB26003C8915 /* ReviewApp */ = {
			isa = PBXNativeTarget;
			buildConfigurationList = B1EE022B1C55DB26003C8915 /* Build configuration list for PBXNativeTarget "ReviewApp" */;
			buildPhases = (
				E8CBE727ED85B065B25ADFB7 /* Check Pods Manifest.lock */,
				B1EE020D1C55DB26003C8915 /* Sources */,
				B1EE020E1C55DB26003C8915 /* Frameworks */,
				B1EE020F1C55DB26003C8915 /* Resources */,
				692D7F0FF588BCC0D92072F9 /* Embed Pods Frameworks */,
				DD3D9206D30B708F5BB05BB4 /* Copy Pods Resources */,
			);
			buildRules = (
			);
			dependencies = (
			);
			name = ReviewApp;
			productName = ReviewApp;
			productReference = B1EE02111C55DB26003C8915 /* ReviewApp.app */;
			productType = "com.apple.product-type.application";
		};
/* End PBXNativeTarget section */

/* Begin PBXProject section */
		B1EE02091C55DB26003C8915 /* Project object */ = {
			isa = PBXProject;
			attributes = {
				LastUpgradeCheck = 0720;
				ORGANIZATIONNAME = "KS-N414-ONB";
				TargetAttributes = {
					B1EE02101C55DB26003C8915 = {
						CreatedOnToolsVersion = 7.2;
					};
				};
			};
			buildConfigurationList = B1EE020C1C55DB26003C8915 /* Build configuration list for PBXProject "ReviewApp" */;
			compatibilityVersion = "Xcode 3.2";
			developmentRegion = English;
			hasScannedForEncodings = 0;
			knownRegions = (
				en,
				Base,
			);
			mainGroup = B1EE02081C55DB26003C8915;
			productRefGroup = B1EE02121C55DB26003C8915 /* Products */;
			projectDirPath = "";
			projectRoot = "";
			targets = (
				B1EE02101C55DB26003C8915 /* ReviewApp */,
			);
		};
/* End PBXProject section */

/* Begin PBXResourcesBuildPhase section */
		B1EE020F1C55DB26003C8915 /* Resources */ = {
			isa = PBXResourcesBuildPhase;
			buildActionMask = 2147483647;
			files = (
				B1EE02271C55DB26003C8915 /* LaunchScreen.storyboard in Resources */,
				B1EE02241C55DB26003C8915 /* Assets.xcassets in Resources */,
				B1EE02221C55DB26003C8915 /* Main.storyboard in Resources */,
			);
			runOnlyForDeploymentPostprocessing = 0;
		};
/* End PBXResourcesBuildPhase section */

/* Begin PBXShellScriptBuildPhase section */
		692D7F0FF588BCC0D92072F9 /* Embed Pods Frameworks */ = {
			isa = PBXShellScriptBuildPhase;
			buildActionMask = 2147483647;
			files = (
			);
			inputPaths = (
			);
			name = "Embed Pods Frameworks";
			outputPaths = (
			);
			runOnlyForDeploymentPostprocessing = 0;
			shellPath = /bin/sh;
			shellScript = "\"${SRCROOT}/Pods/Target Support Files/Pods-ReviewApp/Pods-ReviewApp-frameworks.sh\"\n";
			showEnvVarsInLog = 0;
		};
		DD3D9206D30B708F5BB05BB4 /* Copy Pods Resources */ = {
			isa = PBXShellScriptBuildPhase;
			buildActionMask = 2147483647;
			files = (
			);
			inputPaths = (
			);
			name = "Copy Pods Resources";
			outputPaths = (
			);
			runOnlyForDeploymentPostprocessing = 0;
			shellPath = /bin/sh;
			shellScript = "\"${SRCROOT}/Pods/Target Support Files/Pods-ReviewApp/Pods-ReviewApp-resources.sh\"\n";
			showEnvVarsInLog = 0;
		};
		E8CBE727ED85B065B25ADFB7 /* Check Pods Manifest.lock */ = {
			isa = PBXShellScriptBuildPhase;
			buildActionMask = 2147483647;
			files = (
			);
			inputPaths = (
			);
			name = "Check Pods Manifest.lock";
			outputPaths = (
			);
			runOnlyForDeploymentPostprocessing = 0;
			shellPath = /bin/sh;
			shellScript = "diff \"${PODS_ROOT}/../Podfile.lock\" \"${PODS_ROOT}/Manifest.lock\" > /dev/null\nif [[ $? != 0 ]] ; then\n    cat << EOM\nerror: The sandbox is not in sync with the Podfile.lock. Run 'pod install' or update your CocoaPods installation.\nEOM\n    exit 1\nfi\n";
			showEnvVarsInLog = 0;
		};
/* End PBXShellScriptBuildPhase section */

/* Begin PBXSourcesBuildPhase section */
		B1EE020D1C55DB26003C8915 /* Sources */ = {
			isa = PBXSourcesBuildPhase;
			buildActionMask = 2147483647;
			files = (
				29F6F3B91C7AFB79004EB33F /* RVGetImage.m in Sources */,
				B1EE02331C5751FE003C8915 /* RVSearchViewController.m in Sources */,
				B1EE02301C55DCD2003C8915 /* RVSegmentedViewController.m in Sources */,
				B1EE021F1C55DB26003C8915 /* SecondViewController.m in Sources */,
				B1EE023C1C67863F003C8915 /* RVItem.m in Sources */,
				B1EE02191C55DB26003C8915 /* AppDelegate.m in Sources */,
				B1EE02471C67A1DC003C8915 /* RVChannelManager.m in Sources */,
				B1EE02411C67928F003C8915 /* RVChannel.m in Sources */,
				B1EE024A1C70DE68003C8915 /* RVSearchResultController.m in Sources */,
				B1EE02441C67963B003C8915 /* RVRakutenChannel.m in Sources */,
				B1EE02391C577034003C8915 /* RVHistoryViewController.m in Sources */,
				B1EE021C1C55DB26003C8915 /* FirstViewController.m in Sources */,
				B1EE02161C55DB26003C8915 /* main.m in Sources */,
				B1EE024E1C71FC12003C8915 /* RVProductCell.m in Sources */,
			);
			runOnlyForDeploymentPostprocessing = 0;
		};
/* End PBXSourcesBuildPhase section */

/* Begin PBXVariantGroup section */
		B1EE02201C55DB26003C8915 /* Main.storyboard */ = {
			isa = PBXVariantGroup;
			children = (
				B1EE02211C55DB26003C8915 /* Base */,
			);
			name = Main.storyboard;
			sourceTree = "<group>";
		};
		B1EE02251C55DB26003C8915 /* LaunchScreen.storyboard */ = {
			isa = PBXVariantGroup;
			children = (
				B1EE02261C55DB26003C8915 /* Base */,
			);
			name = LaunchScreen.storyboard;
			sourceTree = "<group>";
		};
/* End PBXVariantGroup section */

/* Begin XCBuildConfiguration section */
		B1EE02291C55DB26003C8915 /* Debug */ = {
			isa = XCBuildConfiguration;
			buildSettings = {
				ALWAYS_SEARCH_USER_PATHS = YES;
				CLANG_CXX_LANGUAGE_STANDARD = "gnu++0x";
				CLANG_CXX_LIBRARY = "libc++";
				CLANG_ENABLE_MODULES = YES;
				CLANG_ENABLE_OBJC_ARC = YES;
				CLANG_WARN_BOOL_CONVERSION = YES;
				CLANG_WARN_CONSTANT_CONVERSION = YES;
				CLANG_WARN_DIRECT_OBJC_ISA_USAGE = YES_ERROR;
				CLANG_WARN_EMPTY_BODY = YES;
				CLANG_WARN_ENUM_CONVERSION = YES;
				CLANG_WARN_INT_CONVERSION = YES;
				CLANG_WARN_OBJC_ROOT_CLASS = YES_ERROR;
				CLANG_WARN_UNREACHABLE_CODE = YES;
				CLANG_WARN__DUPLICATE_METHOD_MATCH = YES;
				"CODE_SIGN_IDENTITY[sdk=iphoneos*]" = "iPhone Developer";
				COPY_PHASE_STRIP = NO;
				DEBUG_INFORMATION_FORMAT = dwarf;
				ENABLE_STRICT_OBJC_MSGSEND = YES;
				ENABLE_TESTABILITY = YES;
				GCC_C_LANGUAGE_STANDARD = gnu99;
				GCC_DYNAMIC_NO_PIC = NO;
				GCC_NO_COMMON_BLOCKS = YES;
				GCC_OPTIMIZATION_LEVEL = 0;
				GCC_PREPROCESSOR_DEFINITIONS = (
					"DEBUG=1",
					"$(inherited)",
				);
				GCC_WARN_64_TO_32_BIT_CONVERSION = YES;
				GCC_WARN_ABOUT_RETURN_TYPE = YES_ERROR;
				GCC_WARN_UNDECLARED_SELECTOR = YES;
				GCC_WARN_UNINITIALIZED_AUTOS = YES_AGGRESSIVE;
				GCC_WARN_UNUSED_FUNCTION = YES;
				GCC_WARN_UNUSED_VARIABLE = YES;
				IPHONEOS_DEPLOYMENT_TARGET = 9.2;
				MTL_ENABLE_DEBUG_INFO = YES;
				ONLY_ACTIVE_ARCH = YES;
				SDKROOT = iphoneos;
				TARGETED_DEVICE_FAMILY = "1,2";
			};
			name = Debug;
		};
		B1EE022A1C55DB26003C8915 /* Release */ = {
			isa = XCBuildConfiguration;
			buildSettings = {
				ALWAYS_SEARCH_USER_PATHS = YES;
				CLANG_CXX_LANGUAGE_STANDARD = "gnu++0x";
				CLANG_CXX_LIBRARY = "libc++";
				CLANG_ENABLE_MODULES = YES;
				CLANG_ENABLE_OBJC_ARC = YES;
				CLANG_WARN_BOOL_CONVERSION = YES;
				CLANG_WARN_CONSTANT_CONVERSION = YES;
				CLANG_WARN_DIRECT_OBJC_ISA_USAGE = YES_ERROR;
				CLANG_WARN_EMPTY_BODY = YES;
				CLANG_WARN_ENUM_CONVERSION = YES;
				CLANG_WARN_INT_CONVERSION = YES;
				CLANG_WARN_OBJC_ROOT_CLASS = YES_ERROR;
				CLANG_WARN_UNREACHABLE_CODE = YES;
				CLANG_WARN__DUPLICATE_METHOD_MATCH = YES;
				"CODE_SIGN_IDENTITY[sdk=iphoneos*]" = "iPhone Developer";
				COPY_PHASE_STRIP = NO;
				DEBUG_INFORMATION_FORMAT = "dwarf-with-dsym";
				ENABLE_NS_ASSERTIONS = NO;
				ENABLE_STRICT_OBJC_MSGSEND = YES;
				GCC_C_LANGUAGE_STANDARD = gnu99;
				GCC_NO_COMMON_BLOCKS = YES;
				GCC_WARN_64_TO_32_BIT_CONVERSION = YES;
				GCC_WARN_ABOUT_RETURN_TYPE = YES_ERROR;
				GCC_WARN_UNDECLARED_SELECTOR = YES;
				GCC_WARN_UNINITIALIZED_AUTOS = YES_AGGRESSIVE;
				GCC_WARN_UNUSED_FUNCTION = YES;
				GCC_WARN_UNUSED_VARIABLE = YES;
				IPHONEOS_DEPLOYMENT_TARGET = 9.2;
				MTL_ENABLE_DEBUG_INFO = NO;
				SDKROOT = iphoneos;
				TARGETED_DEVICE_FAMILY = "1,2";
				VALIDATE_PRODUCT = YES;
			};
			name = Release;
		};
		B1EE022C1C55DB26003C8915 /* Debug */ = {
			isa = XCBuildConfiguration;
			baseConfigurationReference = 265BB851971E067B565CF577 /* Pods-ReviewApp.debug.xcconfig */;
			buildSettings = {
				ASSETCATALOG_COMPILER_APPICON_NAME = AppIcon;
				HEADER_SEARCH_PATHS = "$(inherited)";
				INFOPLIST_FILE = ReviewApp/Info.plist;
				LD_RUNPATH_SEARCH_PATHS = "$(inherited) @executable_path/Frameworks";
				OTHER_LDFLAGS = "$(inherited)";
				PRODUCT_BUNDLE_IDENTIFIER = jp.kingsoft.www.ReviewApp;
				PRODUCT_NAME = "$(TARGET_NAME)";
			};
			name = Debug;
		};
		B1EE022D1C55DB26003C8915 /* Release */ = {
			isa = XCBuildConfiguration;
			baseConfigurationReference = A3A213E822E1A446D1796CDC /* Pods-ReviewApp.release.xcconfig */;
			buildSettings = {
				ASSETCATALOG_COMPILER_APPICON_NAME = AppIcon;
				HEADER_SEARCH_PATHS = "$(inherited)";
				INFOPLIST_FILE = ReviewApp/Info.plist;
				LD_RUNPATH_SEARCH_PATHS = "$(inherited) @executable_path/Frameworks";
				OTHER_LDFLAGS = "$(inherited)";
				PRODUCT_BUNDLE_IDENTIFIER = jp.kingsoft.www.ReviewApp;
				PRODUCT_NAME = "$(TARGET_NAME)";
			};
			name = Release;
		};
/* End XCBuildConfiguration section */

/* Begin XCConfigurationList section */
		B1EE020C1C55DB26003C8915 /* Build configuration list for PBXProject "ReviewApp" */ = {
			isa = XCConfigurationList;
			buildConfigurations = (
				B1EE02291C55DB26003C8915 /* Debug */,
				B1EE022A1C55DB26003C8915 /* Release */,
			);
			defaultConfigurationIsVisible = 0;
			defaultConfigurationName = Release;
		};
		B1EE022B1C55DB26003C8915 /* Build configuration list for PBXNativeTarget "ReviewApp" */ = {
			isa = XCConfigurationList;
			buildConfigurations = (
				B1EE022C1C55DB26003C8915 /* Debug */,
				B1EE022D1C55DB26003C8915 /* Release */,
			);
			defaultConfigurationIsVisible = 0;
			defaultConfigurationName = Release;
		};
/* End XCConfigurationList section */
	};
	rootObject = B1EE02091C55DB26003C8915 /* Project object */;
}
